{
  "name": "merge-pdf",
  "version": "1.0.0",
  "lockfileVersion": 1,
  "requires": true,
  "dependencies": {
    "bluebird": {
      "version": "3.7.2",
      "resolved": "https://registry.npmjs.org/bluebird/-/bluebird-3.7.2.tgz",
      "integrity": "sha512-XpNj6GDQzdfW+r2Wnn7xiSAd7TM3jzkxGXBGTtWKuSXv1xUV+azxAm8jdWZN06QTQk+2N2XB9jRDkvbmQmcRtg=="
    },
    "os-tmpdir": {
      "version": "1.0.2",
      "resolved": "https://registry.npmjs.org/os-tmpdir/-/os-tmpdir-1.0.2.tgz",
      "integrity": "sha1-u+Z0BseaqFxc/sdm/lc0VV36EnQ="
    },
    "pdf-merge": {
      "version": "1.2.0",
      "resolved": "https://registry.npmjs.org/pdf-merge/-/pdf-merge-1.2.0.tgz",
      "integrity": "sha512-/2QygIR3Q/p0SxUhj64LvUzYFVzFL8DQGV8GOpG3I44uXwSTiMS7tAd3dHvxLrnGYLzom2IPdlhnxqLyOC41VQ==",
      "requires": {
        "bluebird": "^3.5.1",
        "shell-escape": "^0.2.0",
        "tmp": "0.0.33"
      }
    },
    "shell-escape": {
      "version": "0.2.0",
      "resolved": "https://registry.npmjs.org/shell-escape/-/shell-escape-0.2.0.tgz",
      "integrity": "sha1-aP0CXrBJC09WegJ/C/IkgLX4QTM="
    },
    "tmp": {
      "version": "0.0.33",
      "resolved": "https://registry.npmjs.org/tmp/-/tmp-0.0.33.tgz",
      "integrity": "sha512-jRCJlojKnZ3addtTOjdIqoRuPEKBvNXcGYqzO6zWZX8KfKEpnGY5jfggJQ3EjKuu8D4bJRr0y+cYJFmYbImXGw==",
      "requires": {
        "os-tmpdir": "~1.0.2"
      }
    }
  }
}
